
Microsoft Visual Studio Solution File, Format Version 12.00
# Visual Studio Version 17
VisualStudioVersion = 17.11.35303.130
MinimumVisualStudioVersion = 10.0.40219.1
Project("{2150E333-8FDC-42A3-9474-1A3956D46DE8}") = "Task0", "Task0", "{6F2A896B-4C21-4F3C-80DB-E4A5C4D8AF55}"
EndProject
Project("{2150E333-8FDC-42A3-9474-1A3956D46DE8}") = "Task1", "Task1", "{15330D75-A98B-4D57-A75E-144DF9D45840}"
EndProject
Project("{2150E333-8FDC-42A3-9474-1A3956D46DE8}") = "Task2", "Task2", "{96741559-EB8D-40C5-9BA3-9CA72D84929D}"
EndProject
Project("{2150E333-8FDC-42A3-9474-1A3956D46DE8}") = "Task3", "Task3", "{DD73544F-7A41-4402-A48D-E0396A5DA3BF}"
EndProject
Project("{2150E333-8FDC-42A3-9474-1A3956D46DE8}") = "Task4", "Task4", "{F04AA4E3-64F9-48AA-8B83-96AD06716529}"
EndProject
Project("{2150E333-8FDC-42A3-9474-1A3956D46DE8}") = "Task5", "Task5", "{E4BDA28C-A915-4A23-B6D9-CB8D66FD7298}"
EndProject
Project("{2150E333-8FDC-42A3-9474-1A3956D46DE8}") = "Task6", "Task6", "{20E21D87-4B51-4879-A9A5-7F7FBF224290}"
EndProject
Project("{2150E333-8FDC-42A3-9474-1A3956D46DE8}") = "Task7", "Task7", "{95FE4ED6-0678-4981-9C22-AC4C5E3C7943}"
EndProject
Project("{9A19103F-16F7-4668-BE54-9A1E7A4F7556}") = "Tyuiu.TimoninIA.Sprint4.Task0.V27", "Tyuiu.TimoninIA.Sprint4.Task0.V27\Tyuiu.TimoninIA.Sprint4.Task0.V27.csproj", "{A8B28491-2C5A-4D0D-B0BF-C02F88E1A83B}"
EndProject
Project("{9A19103F-16F7-4668-BE54-9A1E7A4F7556}") = "Tyuiu.TimoninIA.Sprint4.Task0.V27.Lib", "Tyuiu.TimoninIA.Sprint4.Task0.V27.Lib\Tyuiu.TimoninIA.Sprint4.Task0.V27.Lib.csproj", "{8B6BF5CA-AF99-4F0A-AE3C-86570F4ED6E4}"
EndProject
Project("{9A19103F-16F7-4668-BE54-9A1E7A4F7556}") = "Tyuiu.TimoninIA.Sprint4.Task0.V27.Test", "Tyuiu.TimoninIA.Sprint4.Task0.V27.Test\Tyuiu.TimoninIA.Sprint4.Task0.V27.Test.csproj", "{EE64028D-D64E-4F52-9E3F-59A99E5BB3E7}"
EndProject
Project("{FAE04EC0-301F-11D3-BF4B-00C04F79EFBC}") = "Tyuiu.TimoninIA.Sprint4.Task1.V1", "Tyuiu.TimoninIA.Sprint4.Task1.V1\Tyuiu.TimoninIA.Sprint4.Task1.V1.csproj", "{06D3607D-C8DC-4B8D-B5C8-F05948BE36B5}"
EndProject
Project("{FAE04EC0-301F-11D3-BF4B-00C04F79EFBC}") = "Tyuiu.TimoninIA.Sprint4.Task1.V1.Lib", "Tyuiu.TimoninIA.Sprint4.Task1.V1.Lib\Tyuiu.TimoninIA.Sprint4.Task1.V1.Lib.csproj", "{21C7336A-1679-48EA-8F4E-ADB16D20DF7A}"
EndProject
Project("{FAE04EC0-301F-11D3-BF4B-00C04F79EFBC}") = "Tyuiu.TimoninIA.Sprint4.Task1.V1.Test", "Tyuiu.TimoninIA.Sprint4.Task1.V1.Test\Tyuiu.TimoninIA.Sprint4.Task1.V1.Test.csproj", "{4CEA62C9-6119-4B97-BA40-DF4EF9E0CBEE}"
EndProject
Project("{FAE04EC0-301F-11D3-BF4B-00C04F79EFBC}") = "Tyuiu.TimoninIA.Sprint4.Task2.V9", "Tyuiu.TimoninIA.Sprint4.Task2.V9\Tyuiu.TimoninIA.Sprint4.Task2.V9.csproj", "{BCA07257-30ED-47AC-B228-D31E825CA2DE}"
EndProject
Project("{FAE04EC0-301F-11D3-BF4B-00C04F79EFBC}") = "Tyuiu.TimoninIA.Sprint4.Task2.V9.Lib", "Tyuiu.TimoninIA.Sprint4.Task2.V9.Lib\Tyuiu.TimoninIA.Sprint4.Task2.V9.Lib.csproj", "{2EAC994B-BFC8-4447-9F5F-1AAC4BDFC3E8}"
EndProject
Project("{FAE04EC0-301F-11D3-BF4B-00C04F79EFBC}") = "Tyuiu.TimoninIA.Sprint4.Task2.V9.Test", "Tyuiu.TimoninIA.Sprint4.Task2.V9.Test\Tyuiu.TimoninIA.Sprint4.Task2.V9.Test.csproj", "{BD99AE46-EBFB-4D60-8286-172EC4929618}"
EndProject
Global
	GlobalSection(SolutionConfigurationPlatforms) = preSolution
		Debug|Any CPU = Debug|Any CPU
		Release|Any CPU = Release|Any CPU
	EndGlobalSection
	GlobalSection(ProjectConfigurationPlatforms) = postSolution
		{A8B28491-2C5A-4D0D-B0BF-C02F88E1A83B}.Debug|Any CPU.ActiveCfg = Debug|Any CPU
		{A8B28491-2C5A-4D0D-B0BF-C02F88E1A83B}.Debug|Any CPU.Build.0 = Debug|Any CPU
		{A8B28491-2C5A-4D0D-B0BF-C02F88E1A83B}.Release|Any CPU.ActiveCfg = Release|Any CPU
		{A8B28491-2C5A-4D0D-B0BF-C02F88E1A83B}.Release|Any CPU.Build.0 = Release|Any CPU
		{8B6BF5CA-AF99-4F0A-AE3C-86570F4ED6E4}.Debug|Any CPU.ActiveCfg = Debug|Any CPU
		{8B6BF5CA-AF99-4F0A-AE3C-86570F4ED6E4}.Debug|Any CPU.Build.0 = Debug|Any CPU
		{8B6BF5CA-AF99-4F0A-AE3C-86570F4ED6E4}.Release|Any CPU.ActiveCfg = Release|Any CPU
		{8B6BF5CA-AF99-4F0A-AE3C-86570F4ED6E4}.Release|Any CPU.Build.0 = Release|Any CPU
		{EE64028D-D64E-4F52-9E3F-59A99E5BB3E7}.Debug|Any CPU.ActiveCfg = Debug|Any CPU
		{EE64028D-D64E-4F52-9E3F-59A99E5BB3E7}.Debug|Any CPU.Build.0 = Debug|Any CPU
		{EE64028D-D64E-4F52-9E3F-59A99E5BB3E7}.Release|Any CPU.ActiveCfg = Release|Any CPU
		{EE64028D-D64E-4F52-9E3F-59A99E5BB3E7}.Release|Any CPU.Build.0 = Release|Any CPU
		{06D3607D-C8DC-4B8D-B5C8-F05948BE36B5}.Debug|Any CPU.ActiveCfg = Debug|Any CPU
		{06D3607D-C8DC-4B8D-B5C8-F05948BE36B5}.Debug|Any CPU.Build.0 = Debug|Any CPU
		{06D3607D-C8DC-4B8D-B5C8-F05948BE36B5}.Release|Any CPU.ActiveCfg = Release|Any CPU
		{06D3607D-C8DC-4B8D-B5C8-F05948BE36B5}.Release|Any CPU.Build.0 = Release|Any CPU
		{21C7336A-1679-48EA-8F4E-ADB16D20DF7A}.Debug|Any CPU.ActiveCfg = Debug|Any CPU
		{21C7336A-1679-48EA-8F4E-ADB16D20DF7A}.Debug|Any CPU.Build.0 = Debug|Any CPU
		{21C7336A-1679-48EA-8F4E-ADB16D20DF7A}.Release|Any CPU.ActiveCfg = Release|Any CPU
		{21C7336A-1679-48EA-8F4E-ADB16D20DF7A}.Release|Any CPU.Build.0 = Release|Any CPU
		{4CEA62C9-6119-4B97-BA40-DF4EF9E0CBEE}.Debug|Any CPU.ActiveCfg = Debug|Any CPU
		{4CEA62C9-6119-4B97-BA40-DF4EF9E0CBEE}.Debug|Any CPU.Build.0 = Debug|Any CPU
		{4CEA62C9-6119-4B97-BA40-DF4EF9E0CBEE}.Release|Any CPU.ActiveCfg = Release|Any CPU
		{4CEA62C9-6119-4B97-BA40-DF4EF9E0CBEE}.Release|Any CPU.Build.0 = Release|Any CPU
		{BCA07257-30ED-47AC-B228-D31E825CA2DE}.Debug|Any CPU.ActiveCfg = Debug|Any CPU
		{BCA07257-30ED-47AC-B228-D31E825CA2DE}.Debug|Any CPU.Build.0 = Debug|Any CPU
		{BCA07257-30ED-47AC-B228-D31E825CA2DE}.Release|Any CPU.ActiveCfg = Release|Any CPU
		{BCA07257-30ED-47AC-B228-D31E825CA2DE}.Release|Any CPU.Build.0 = Release|Any CPU
		{2EAC994B-BFC8-4447-9F5F-1AAC4BDFC3E8}.Debug|Any CPU.ActiveCfg = Debug|Any CPU
		{2EAC994B-BFC8-4447-9F5F-1AAC4BDFC3E8}.Debug|Any CPU.Build.0 = Debug|Any CPU
		{2EAC994B-BFC8-4447-9F5F-1AAC4BDFC3E8}.Release|Any CPU.ActiveCfg = Release|Any CPU
		{2EAC994B-BFC8-4447-9F5F-1AAC4BDFC3E8}.Release|Any CPU.Build.0 = Release|Any CPU
		{BD99AE46-EBFB-4D60-8286-172EC4929618}.Debug|Any CPU.ActiveCfg = Debug|Any CPU
		{BD99AE46-EBFB-4D60-8286-172EC4929618}.Debug|Any CPU.Build.0 = Debug|Any CPU
		{BD99AE46-EBFB-4D60-8286-172EC4929618}.Release|Any CPU.ActiveCfg = Release|Any CPU
		{BD99AE46-EBFB-4D60-8286-172EC4929618}.Release|Any CPU.Build.0 = Release|Any CPU
	EndGlobalSection
	GlobalSection(SolutionProperties) = preSolution
		HideSolutionNode = FALSE
	EndGlobalSection
	GlobalSection(NestedProjects) = preSolution
		{A8B28491-2C5A-4D0D-B0BF-C02F88E1A83B} = {6F2A896B-4C21-4F3C-80DB-E4A5C4D8AF55}
		{8B6BF5CA-AF99-4F0A-AE3C-86570F4ED6E4} = {6F2A896B-4C21-4F3C-80DB-E4A5C4D8AF55}
		{EE64028D-D64E-4F52-9E3F-59A99E5BB3E7} = {6F2A896B-4C21-4F3C-80DB-E4A5C4D8AF55}
		{06D3607D-C8DC-4B8D-B5C8-F05948BE36B5} = {15330D75-A98B-4D57-A75E-144DF9D45840}
		{21C7336A-1679-48EA-8F4E-ADB16D20DF7A} = {15330D75-A98B-4D57-A75E-144DF9D45840}
		{4CEA62C9-6119-4B97-BA40-DF4EF9E0CBEE} = {15330D75-A98B-4D57-A75E-144DF9D45840}
		{BCA07257-30ED-47AC-B228-D31E825CA2DE} = {96741559-EB8D-40C5-9BA3-9CA72D84929D}
		{2EAC994B-BFC8-4447-9F5F-1AAC4BDFC3E8} = {96741559-EB8D-40C5-9BA3-9CA72D84929D}
		{BD99AE46-EBFB-4D60-8286-172EC4929618} = {96741559-EB8D-40C5-9BA3-9CA72D84929D}
	EndGlobalSection
	GlobalSection(ExtensibilityGlobals) = postSolution
		SolutionGuid = {61B12335-AF0A-494D-A142-CD272B2E9793}
	EndGlobalSection
EndGlobal
